<?xml version="1.0" encoding="utf-8"?>
<Project ToolsVersion="4.0" xmlns="http://schemas.microsoft.com/developer/msbuild/2003">
  <ItemGroup>
    <Filter Include="Framework">
      <UniqueIdentifier>{de192619-d549-4a6f-b499-f1a258a5c00a}</UniqueIdentifier>
    </Filter>
    <Filter Include="Framework\Common">
      <UniqueIdentifier>{ed4b7fe8-489d-48d5-84cb-bea2d202b0e0}</UniqueIdentifier>
    </Filter>
    <Filter Include="Framework\Interface">
      <UniqueIdentifier>{2dedce08-509a-488b-aa16-4dfb83934b22}</UniqueIdentifier>
    </Filter>
    <Filter Include="Empty">
      <UniqueIdentifier>{e078c3da-7f1b-48cc-bd54-0f1f97e9f950}</UniqueIdentifier>
    </Filter>
  </ItemGroup>
  <ItemGroup>
    <ClCompile Include="main.cpp">
      <Filter>Framework\Common</Filter>
    </ClCompile>
    <ClCompile Include="BaseApplication.cpp">
      <Filter>Framework\Common</Filter>
    </ClCompile>
    <ClCompile Include="EmptyApplication.cpp">
      <Filter>Empty</Filter>
    </ClCompile>
  </ItemGroup>
  <ItemGroup>
    <ClInclude Include="Interface.h">
      <Filter>Framework\Interface</Filter>
    </ClInclude>
    <ClInclude Include="IRuntimeModule.h">
      <Filter>Framework\Interface</Filter>
    </ClInclude>
    <ClInclude Include="IApplication.h">
      <Filter>Framework\Interface</Filter>
    </ClInclude>
    <ClInclude Include="BaseApplication.h">
      <Filter>Framework\Common</Filter>
    </ClInclude>
  </ItemGroup>
</Project>